
Microsoft Visual Studio Solution File, Format Version 12.00
# Visual Studio Version 17
VisualStudioVersion = 17.0.31423.177
MinimumVisualStudioVersion = 10.0.40219.1
Project("{FAE04EC0-301F-11D3-BF4B-00C04F79EFBC}") = "Gotchi pet", "Gotchi pet.csproj", "{723C6AA5-5326-47DE-B9B6-BFD563BFE0F0}"
EndProject
Global
	GlobalSection(SolutionConfigurationPlatforms) = preSolution
		Debug|Any CPU = Debug|Any CPU
		Release|Any CPU = Release|Any CPU
	EndGlobalSection
	GlobalSection(ProjectConfigurationPlatforms) = postSolution
		{723C6AA5-5326-47DE-B9B6-BFD563BFE0F0}.Debug|Any CPU.ActiveCfg = Debug|Any CPU
		{723C6AA5-5326-47DE-B9B6-BFD563BFE0F0}.Debug|Any CPU.Build.0 = Debug|Any CPU
		{723C6AA5-5326-47DE-B9B6-BFD563BFE0F0}.Release|Any CPU.ActiveCfg = Release|Any CPU
		{723C6AA5-5326-47DE-B9B6-BFD563BFE0F0}.Release|Any CPU.Build.0 = Release|Any CPU
	EndGlobalSection
	GlobalSection(SolutionProperties) = preSolution
		HideSolutionNode = FALSE
	EndGlobalSection
	GlobalSection(ExtensibilityGlobals) = postSolution
		SolutionGuid = {2BF5FD96-A1CA-4CD7-ACAE-4E25DDC48F15}
	EndGlobalSection
EndGlobal
